# This file was autogenerated by uv via the following command:
#    uv pip compile pyproject.toml -o requirements.lock --all-extras
black==25.9.0
    # via bengal (pyproject.toml)
click==8.3.0
    # via
    #   bengal (pyproject.toml)
    #   black
coverage==7.10.7
    # via pytest-cov
csscompressor==0.9.5
    # via bengal (pyproject.toml)
execnet==2.1.1
    # via pytest-xdist
iniconfig==2.1.0
    # via pytest
jinja2==3.1.6
    # via bengal (pyproject.toml)
jsmin==3.0.1
    # via bengal (pyproject.toml)
lightningcss==0.2.2
    # via bengal (pyproject.toml)
markdown==3.9
    # via bengal (pyproject.toml)
markdown-it-py==4.0.0
    # via rich
markupsafe==3.0.3
    # via jinja2
mdurl==0.1.2
    # via markdown-it-py
mistune==3.1.4
    # via bengal (pyproject.toml)
mypy==1.18.2
    # via bengal (pyproject.toml)
mypy-extensions==1.1.0
    # via
    #   black
    #   mypy
packaging==25.0
    # via
    #   black
    #   pytest
pathspec==0.12.1
    # via
    #   black
    #   mypy
pillow==11.3.0
    # via bengal (pyproject.toml)
platformdirs==4.5.0
    # via black
pluggy==1.6.0
    # via
    #   pytest
    #   pytest-cov
psutil==7.1.0
    # via bengal (pyproject.toml)
pygments==2.19.2
    # via
    #   bengal (pyproject.toml)
    #   pytest
    #   rich
pytest==8.4.2
    # via
    #   bengal (pyproject.toml)
    #   pytest-cov
    #   pytest-mock
    #   pytest-xdist
pytest-cov==7.0.0
    # via bengal (pyproject.toml)
pytest-mock==3.15.1
    # via bengal (pyproject.toml)
pytest-xdist==3.8.0
    # via bengal (pyproject.toml)
python-frontmatter==1.1.0
    # via bengal (pyproject.toml)
pytokens==0.1.10
    # via black
pyyaml==6.0.3
    # via
    #   bengal (pyproject.toml)
    #   python-frontmatter
rich==14.2.0
    # via bengal (pyproject.toml)
ruff==0.14.0
    # via bengal (pyproject.toml)
toml==0.10.2
    # via bengal (pyproject.toml)
typing-extensions==4.15.0
    # via mypy
watchdog==6.0.0
    # via bengal (pyproject.toml)
